
Microsoft Visual Studio Solution File, Format Version 12.00
# Visual Studio Version 17
VisualStudioVersion = 17.4.33122.133
MinimumVisualStudioVersion = 10.0.40219.1
Project("{FAE04EC0-301F-11D3-BF4B-00C04F79EFBC}") = "uc1-contactdetails", "uc1-contactdetails.csproj", "{5522471F-5254-4761-9F93-A5B04AFCF804}"
EndProject
Global
	GlobalSection(SolutionConfigurationPlatforms) = preSolution
		Debug|Any CPU = Debug|Any CPU
		Release|Any CPU = Release|Any CPU
	EndGlobalSection
	GlobalSection(ProjectConfigurationPlatforms) = postSolution
		{5522471F-5254-4761-9F93-A5B04AFCF804}.Debug|Any CPU.ActiveCfg = Debug|Any CPU
		{5522471F-5254-4761-9F93-A5B04AFCF804}.Debug|Any CPU.Build.0 = Debug|Any CPU
		{5522471F-5254-4761-9F93-A5B04AFCF804}.Release|Any CPU.ActiveCfg = Release|Any CPU
		{5522471F-5254-4761-9F93-A5B04AFCF804}.Release|Any CPU.Build.0 = Release|Any CPU
	EndGlobalSection
	GlobalSection(SolutionProperties) = preSolution
		HideSolutionNode = FALSE
	EndGlobalSection
	GlobalSection(ExtensibilityGlobals) = postSolution
		SolutionGuid = {FB77B4DA-86A3-4BB0-B644-F355DC90AFF1}
	EndGlobalSection
EndGlobal
